// !$*UTF8*$!
{
	archiveVersion = 1;
	classes = {
	};
	objectVersion = 46;
	objects = {

/* Begin PBXBuildFile section */
		DC03846114F68EA1000DADD6 /* Foundation.framework in Frameworks */ = {isa = PBXBuildFile; fileRef = DC03846014F68EA1000DADD6 /* Foundation.framework */; };
		DC03846F14F68EA1000DADD6 /* SenTestingKit.framework in Frameworks */ = {isa = PBXBuildFile; fileRef = DC03846E14F68EA1000DADD6 /* SenTestingKit.framework */; };
		DC03847114F68EA1000DADD6 /* UIKit.framework in Frameworks */ = {isa = PBXBuildFile; fileRef = DC03847014F68EA1000DADD6 /* UIKit.framework */; };
		DC03847214F68EA1000DADD6 /* Foundation.framework in Frameworks */ = {isa = PBXBuildFile; fileRef = DC03846014F68EA1000DADD6 /* Foundation.framework */; };
		DC03847514F68EA1000DADD6 /* libDataKit.a in Frameworks */ = {isa = PBXBuildFile; fileRef = DC03845D14F68EA1000DADD6 /* libDataKit.a */; };
		DC03847B14F68EA1000DADD6 /* InfoPlist.strings in Resources */ = {isa = PBXBuildFile; fileRef = DC03847914F68EA1000DADD6 /* InfoPlist.strings */; };
		DC03848914F691BA000DADD6 /* DKEntity.h in Headers */ = {isa = PBXBuildFile; fileRef = DC03848714F691BA000DADD6 /* DKEntity.h */; };
		DC03848A14F691BA000DADD6 /* DKEntity.m in Sources */ = {isa = PBXBuildFile; fileRef = DC03848814F691BA000DADD6 /* DKEntity.m */; };
		DC03848D14F6955A000DADD6 /* DKRelation.h in Headers */ = {isa = PBXBuildFile; fileRef = DC03848B14F6955A000DADD6 /* DKRelation.h */; };
		DC03848E14F6955A000DADD6 /* DKRelation.m in Sources */ = {isa = PBXBuildFile; fileRef = DC03848C14F6955A000DADD6 /* DKRelation.m */; };
		DC03849114F69C72000DADD6 /* DKQuery.h in Headers */ = {isa = PBXBuildFile; fileRef = DC03848F14F69C72000DADD6 /* DKQuery.h */; };
		DC03849214F69C72000DADD6 /* DKQuery.m in Sources */ = {isa = PBXBuildFile; fileRef = DC03849014F69C72000DADD6 /* DKQuery.m */; };
		DC52508714FA4F2C00646185 /* DKEntity-Private.h in Headers */ = {isa = PBXBuildFile; fileRef = DC52508514FA4F2C00646185 /* DKEntity-Private.h */; };
		DC52509814FAE1DC00646185 /* NSData+DataKit.h in Headers */ = {isa = PBXBuildFile; fileRef = DC52509614FAE1DC00646185 /* NSData+DataKit.h */; };
		DC52509914FAE1DC00646185 /* NSData+DataKit.m in Sources */ = {isa = PBXBuildFile; fileRef = DC52509714FAE1DC00646185 /* NSData+DataKit.m */; };
		DC5B610214F76BD800CC5B42 /* DKManager.h in Headers */ = {isa = PBXBuildFile; fileRef = DC5B610014F76BD800CC5B42 /* DKManager.h */; };
		DC5B610314F76BD800CC5B42 /* DKManager.m in Sources */ = {isa = PBXBuildFile; fileRef = DC5B610114F76BD800CC5B42 /* DKManager.m */; };
		DC5B610C14F7B1FE00CC5B42 /* DKRequest.h in Headers */ = {isa = PBXBuildFile; fileRef = DC5B610A14F7B1FE00CC5B42 /* DKRequest.h */; settings = {ATTRIBUTES = (Private, ); }; };
		DC5B610D14F7B1FE00CC5B42 /* DKRequest.m in Sources */ = {isa = PBXBuildFile; fileRef = DC5B610B14F7B1FE00CC5B42 /* DKRequest.m */; };
		DC5B611514F7E6CD00CC5B42 /* NSError+DataKit.h in Headers */ = {isa = PBXBuildFile; fileRef = DC5B611314F7E6CD00CC5B42 /* NSError+DataKit.h */; settings = {ATTRIBUTES = (Private, ); }; };
		DC5B611614F7E6CD00CC5B42 /* NSError+DataKit.m in Sources */ = {isa = PBXBuildFile; fileRef = DC5B611414F7E6CD00CC5B42 /* NSError+DataKit.m */; };
		DC5B611914F7F81200CC5B42 /* DKEntityTests.m in Sources */ = {isa = PBXBuildFile; fileRef = DC5B611814F7F81200CC5B42 /* DKEntityTests.m */; };
		DC61AC7C14FCFE3B003A9057 /* NSString+DataKit.h in Headers */ = {isa = PBXBuildFile; fileRef = DC61AC7A14FCFE3B003A9057 /* NSString+DataKit.h */; };
		DC61AC7D14FCFE3B003A9057 /* NSString+DataKit.m in Sources */ = {isa = PBXBuildFile; fileRef = DC61AC7B14FCFE3B003A9057 /* NSString+DataKit.m */; };
		DC78ACA51503C3DA00CC6BCD /* DKEntityEncodeDecodeTests.m in Sources */ = {isa = PBXBuildFile; fileRef = DC78ACA41503C3DA00CC6BCD /* DKEntityEncodeDecodeTests.m */; };
		DC83051D1504D89300D6AB1C /* DKRelationTests.m in Sources */ = {isa = PBXBuildFile; fileRef = DC83051C1504D89300D6AB1C /* DKRelationTests.m */; };
		DC8305201505127B00D6AB1C /* DKEntityTableViewController.h in Headers */ = {isa = PBXBuildFile; fileRef = DC83051E1505127B00D6AB1C /* DKEntityTableViewController.h */; };
		DC8305211505127B00D6AB1C /* DKEntityTableViewController.m in Sources */ = {isa = PBXBuildFile; fileRef = DC83051F1505127B00D6AB1C /* DKEntityTableViewController.m */; };
		DC830523150513A200D6AB1C /* UIKit.framework in Frameworks */ = {isa = PBXBuildFile; fileRef = DC830522150513A200D6AB1C /* UIKit.framework */; };
		DC90FF9014FE4F9300F52435 /* DKQuery-Private.h in Headers */ = {isa = PBXBuildFile; fileRef = DC90FF8E14FE4F9200F52435 /* DKQuery-Private.h */; };
		DC90FF9414FE872700F52435 /* DKQueryTests.m in Sources */ = {isa = PBXBuildFile; fileRef = DC90FF9314FE872700F52435 /* DKQueryTests.m */; };
		DCCC897714F804C600FA77A1 /* DKConstants.h in Headers */ = {isa = PBXBuildFile; fileRef = DC5B610E14F7B21E00CC5B42 /* DKConstants.h */; };
		DCCC897814F804CA00FA77A1 /* DataKit.h in Headers */ = {isa = PBXBuildFile; fileRef = DC03846514F68EA1000DADD6 /* DataKit.h */; };
/* End PBXBuildFile section */

/* Begin PBXContainerItemProxy section */
		DC03847314F68EA1000DADD6 /* PBXContainerItemProxy */ = {
			isa = PBXContainerItemProxy;
			containerPortal = DC03845414F68EA1000DADD6 /* Project object */;
			proxyType = 1;
			remoteGlobalIDString = DC03845C14F68EA1000DADD6;
			remoteInfo = DataKit;
		};
/* End PBXContainerItemProxy section */

/* Begin PBXFileReference section */
		DC03845D14F68EA1000DADD6 /* libDataKit.a */ = {isa = PBXFileReference; explicitFileType = archive.ar; includeInIndex = 0; path = libDataKit.a; sourceTree = BUILT_PRODUCTS_DIR; };
		DC03846014F68EA1000DADD6 /* Foundation.framework */ = {isa = PBXFileReference; lastKnownFileType = wrapper.framework; name = Foundation.framework; path = System/Library/Frameworks/Foundation.framework; sourceTree = SDKROOT; };
		DC03846414F68EA1000DADD6 /* DataKit-Prefix.pch */ = {isa = PBXFileReference; lastKnownFileType = sourcecode.c.h; path = "DataKit-Prefix.pch"; sourceTree = "<group>"; };
		DC03846514F68EA1000DADD6 /* DataKit.h */ = {isa = PBXFileReference; lastKnownFileType = sourcecode.c.h; path = DataKit.h; sourceTree = "<group>"; };
		DC03846D14F68EA1000DADD6 /* DataKitTests.octest */ = {isa = PBXFileReference; explicitFileType = wrapper.cfbundle; includeInIndex = 0; path = DataKitTests.octest; sourceTree = BUILT_PRODUCTS_DIR; };
		DC03846E14F68EA1000DADD6 /* SenTestingKit.framework */ = {isa = PBXFileReference; lastKnownFileType = wrapper.framework; name = SenTestingKit.framework; path = Library/Frameworks/SenTestingKit.framework; sourceTree = DEVELOPER_DIR; };
		DC03847014F68EA1000DADD6 /* UIKit.framework */ = {isa = PBXFileReference; lastKnownFileType = wrapper.framework; name = UIKit.framework; path = Library/Frameworks/UIKit.framework; sourceTree = DEVELOPER_DIR; };
		DC03847814F68EA1000DADD6 /* DataKitTests-Info.plist */ = {isa = PBXFileReference; lastKnownFileType = text.plist.xml; path = "DataKitTests-Info.plist"; sourceTree = "<group>"; };
		DC03847A14F68EA1000DADD6 /* en */ = {isa = PBXFileReference; lastKnownFileType = text.plist.strings; name = en; path = en.lproj/InfoPlist.strings; sourceTree = "<group>"; };
		DC03848714F691BA000DADD6 /* DKEntity.h */ = {isa = PBXFileReference; fileEncoding = 4; lastKnownFileType = sourcecode.c.h; path = DKEntity.h; sourceTree = "<group>"; };
		DC03848814F691BA000DADD6 /* DKEntity.m */ = {isa = PBXFileReference; fileEncoding = 4; lastKnownFileType = sourcecode.c.objc; path = DKEntity.m; sourceTree = "<group>"; };
		DC03848B14F6955A000DADD6 /* DKRelation.h */ = {isa = PBXFileReference; fileEncoding = 4; lastKnownFileType = sourcecode.c.h; path = DKRelation.h; sourceTree = "<group>"; };
		DC03848C14F6955A000DADD6 /* DKRelation.m */ = {isa = PBXFileReference; fileEncoding = 4; lastKnownFileType = sourcecode.c.objc; path = DKRelation.m; sourceTree = "<group>"; };
		DC03848F14F69C72000DADD6 /* DKQuery.h */ = {isa = PBXFileReference; fileEncoding = 4; lastKnownFileType = sourcecode.c.h; path = DKQuery.h; sourceTree = "<group>"; };
		DC03849014F69C72000DADD6 /* DKQuery.m */ = {isa = PBXFileReference; fileEncoding = 4; lastKnownFileType = sourcecode.c.objc; path = DKQuery.m; sourceTree = "<group>"; };
		DC52508514FA4F2C00646185 /* DKEntity-Private.h */ = {isa = PBXFileReference; fileEncoding = 4; lastKnownFileType = sourcecode.c.h; path = "DKEntity-Private.h"; sourceTree = "<group>"; };
		DC52509614FAE1DC00646185 /* NSData+DataKit.h */ = {isa = PBXFileReference; fileEncoding = 4; lastKnownFileType = sourcecode.c.h; path = "NSData+DataKit.h"; sourceTree = "<group>"; };
		DC52509714FAE1DC00646185 /* NSData+DataKit.m */ = {isa = PBXFileReference; fileEncoding = 4; lastKnownFileType = sourcecode.c.objc; path = "NSData+DataKit.m"; sourceTree = "<group>"; };
		DC5B610014F76BD800CC5B42 /* DKManager.h */ = {isa = PBXFileReference; fileEncoding = 4; lastKnownFileType = sourcecode.c.h; path = DKManager.h; sourceTree = "<group>"; };
		DC5B610114F76BD800CC5B42 /* DKManager.m */ = {isa = PBXFileReference; fileEncoding = 4; lastKnownFileType = sourcecode.c.objc; path = DKManager.m; sourceTree = "<group>"; };
		DC5B610A14F7B1FE00CC5B42 /* DKRequest.h */ = {isa = PBXFileReference; fileEncoding = 4; lastKnownFileType = sourcecode.c.h; path = DKRequest.h; sourceTree = "<group>"; };
		DC5B610B14F7B1FE00CC5B42 /* DKRequest.m */ = {isa = PBXFileReference; fileEncoding = 4; lastKnownFileType = sourcecode.c.objc; path = DKRequest.m; sourceTree = "<group>"; };
		DC5B610E14F7B21E00CC5B42 /* DKConstants.h */ = {isa = PBXFileReference; lastKnownFileType = sourcecode.c.h; path = DKConstants.h; sourceTree = "<group>"; };
		DC5B611314F7E6CD00CC5B42 /* NSError+DataKit.h */ = {isa = PBXFileReference; fileEncoding = 4; lastKnownFileType = sourcecode.c.h; path = "NSError+DataKit.h"; sourceTree = "<group>"; };
		DC5B611414F7E6CD00CC5B42 /* NSError+DataKit.m */ = {isa = PBXFileReference; fileEncoding = 4; lastKnownFileType = sourcecode.c.objc; path = "NSError+DataKit.m"; sourceTree = "<group>"; };
		DC5B611714F7F81200CC5B42 /* DKEntityTests.h */ = {isa = PBXFileReference; fileEncoding = 4; lastKnownFileType = sourcecode.c.h; path = DKEntityTests.h; sourceTree = "<group>"; };
		DC5B611814F7F81200CC5B42 /* DKEntityTests.m */ = {isa = PBXFileReference; fileEncoding = 4; lastKnownFileType = sourcecode.c.objc; path = DKEntityTests.m; sourceTree = "<group>"; };
		DC61AC7A14FCFE3B003A9057 /* NSString+DataKit.h */ = {isa = PBXFileReference; fileEncoding = 4; lastKnownFileType = sourcecode.c.h; path = "NSString+DataKit.h"; sourceTree = "<group>"; };
		DC61AC7B14FCFE3B003A9057 /* NSString+DataKit.m */ = {isa = PBXFileReference; fileEncoding = 4; lastKnownFileType = sourcecode.c.objc; path = "NSString+DataKit.m"; sourceTree = "<group>"; };
		DC78ACA31503C3DA00CC6BCD /* DKEntityEncodeDecodeTests.h */ = {isa = PBXFileReference; fileEncoding = 4; lastKnownFileType = sourcecode.c.h; path = DKEntityEncodeDecodeTests.h; sourceTree = "<group>"; };
		DC78ACA41503C3DA00CC6BCD /* DKEntityEncodeDecodeTests.m */ = {isa = PBXFileReference; fileEncoding = 4; lastKnownFileType = sourcecode.c.objc; path = DKEntityEncodeDecodeTests.m; sourceTree = "<group>"; };
		DC83051B1504D89300D6AB1C /* DKRelationTests.h */ = {isa = PBXFileReference; fileEncoding = 4; lastKnownFileType = sourcecode.c.h; path = DKRelationTests.h; sourceTree = "<group>"; };
		DC83051C1504D89300D6AB1C /* DKRelationTests.m */ = {isa = PBXFileReference; fileEncoding = 4; lastKnownFileType = sourcecode.c.objc; path = DKRelationTests.m; sourceTree = "<group>"; };
		DC83051E1505127B00D6AB1C /* DKEntityTableViewController.h */ = {isa = PBXFileReference; fileEncoding = 4; lastKnownFileType = sourcecode.c.h; path = DKEntityTableViewController.h; sourceTree = "<group>"; };
		DC83051F1505127B00D6AB1C /* DKEntityTableViewController.m */ = {isa = PBXFileReference; fileEncoding = 4; lastKnownFileType = sourcecode.c.objc; path = DKEntityTableViewController.m; sourceTree = "<group>"; };
		DC830522150513A200D6AB1C /* UIKit.framework */ = {isa = PBXFileReference; lastKnownFileType = wrapper.framework; name = UIKit.framework; path = System/Library/Frameworks/UIKit.framework; sourceTree = SDKROOT; };
		DC90FF8E14FE4F9200F52435 /* DKQuery-Private.h */ = {isa = PBXFileReference; fileEncoding = 4; lastKnownFileType = sourcecode.c.h; path = "DKQuery-Private.h"; sourceTree = "<group>"; };
		DC90FF9214FE872700F52435 /* DKQueryTests.h */ = {isa = PBXFileReference; fileEncoding = 4; lastKnownFileType = sourcecode.c.h; path = DKQueryTests.h; sourceTree = "<group>"; };
		DC90FF9314FE872700F52435 /* DKQueryTests.m */ = {isa = PBXFileReference; fileEncoding = 4; lastKnownFileType = sourcecode.c.objc; path = DKQueryTests.m; sourceTree = "<group>"; };
/* End PBXFileReference section */

/* Begin PBXFrameworksBuildPhase section */
		DC03845A14F68EA1000DADD6 /* Frameworks */ = {
			isa = PBXFrameworksBuildPhase;
			buildActionMask = 2147483647;
			files = (
				DC830523150513A200D6AB1C /* UIKit.framework in Frameworks */,
				DC03846114F68EA1000DADD6 /* Foundation.framework in Frameworks */,
			);
			runOnlyForDeploymentPostprocessing = 0;
		};
		DC03846914F68EA1000DADD6 /* Frameworks */ = {
			isa = PBXFrameworksBuildPhase;
			buildActionMask = 2147483647;
			files = (
				DC03846F14F68EA1000DADD6 /* SenTestingKit.framework in Frameworks */,
				DC03847114F68EA1000DADD6 /* UIKit.framework in Frameworks */,
				DC03847214F68EA1000DADD6 /* Foundation.framework in Frameworks */,
				DC03847514F68EA1000DADD6 /* libDataKit.a in Frameworks */,
			);
			runOnlyForDeploymentPostprocessing = 0;
		};
/* End PBXFrameworksBuildPhase section */

/* Begin PBXGroup section */
		DC03845214F68EA1000DADD6 = {
			isa = PBXGroup;
			children = (
				DC03846214F68EA1000DADD6 /* DataKit */,
				DC5B610814F7B1EF00CC5B42 /* DataKit-Private */,
				DC03847614F68EA1000DADD6 /* DataKitTests */,
				DC03845F14F68EA1000DADD6 /* Frameworks */,
				DC03845E14F68EA1000DADD6 /* Products */,
			);
			sourceTree = "<group>";
		};
		DC03845E14F68EA1000DADD6 /* Products */ = {
			isa = PBXGroup;
			children = (
				DC03845D14F68EA1000DADD6 /* libDataKit.a */,
				DC03846D14F68EA1000DADD6 /* DataKitTests.octest */,
			);
			name = Products;
			sourceTree = "<group>";
		};
		DC03845F14F68EA1000DADD6 /* Frameworks */ = {
			isa = PBXGroup;
			children = (
				DC830522150513A200D6AB1C /* UIKit.framework */,
				DC03846014F68EA1000DADD6 /* Foundation.framework */,
				DC03846E14F68EA1000DADD6 /* SenTestingKit.framework */,
				DC03847014F68EA1000DADD6 /* UIKit.framework */,
			);
			name = Frameworks;
			sourceTree = "<group>";
		};
		DC03846214F68EA1000DADD6 /* DataKit */ = {
			isa = PBXGroup;
			children = (
				DC03846514F68EA1000DADD6 /* DataKit.h */,
				DC03846414F68EA1000DADD6 /* DataKit-Prefix.pch */,
				DC5B610E14F7B21E00CC5B42 /* DKConstants.h */,
				DC5B610014F76BD800CC5B42 /* DKManager.h */,
				DC5B610114F76BD800CC5B42 /* DKManager.m */,
				DC03848714F691BA000DADD6 /* DKEntity.h */,
				DC03848814F691BA000DADD6 /* DKEntity.m */,
				DC03848B14F6955A000DADD6 /* DKRelation.h */,
				DC03848C14F6955A000DADD6 /* DKRelation.m */,
				DC03848F14F69C72000DADD6 /* DKQuery.h */,
				DC03849014F69C72000DADD6 /* DKQuery.m */,
				DC83051E1505127B00D6AB1C /* DKEntityTableViewController.h */,
				DC83051F1505127B00D6AB1C /* DKEntityTableViewController.m */,
			);
			path = DataKit;
			sourceTree = "<group>";
		};
		DC03847614F68EA1000DADD6 /* DataKitTests */ = {
			isa = PBXGroup;
			children = (
				DC03847714F68EA1000DADD6 /* Supporting Files */,
				DC5B611714F7F81200CC5B42 /* DKEntityTests.h */,
				DC5B611814F7F81200CC5B42 /* DKEntityTests.m */,
				DC90FF9214FE872700F52435 /* DKQueryTests.h */,
				DC90FF9314FE872700F52435 /* DKQueryTests.m */,
				DC78ACA31503C3DA00CC6BCD /* DKEntityEncodeDecodeTests.h */,
				DC78ACA41503C3DA00CC6BCD /* DKEntityEncodeDecodeTests.m */,
				DC83051B1504D89300D6AB1C /* DKRelationTests.h */,
				DC83051C1504D89300D6AB1C /* DKRelationTests.m */,
			);
			path = DataKitTests;
			sourceTree = "<group>";
		};
		DC03847714F68EA1000DADD6 /* Supporting Files */ = {
			isa = PBXGroup;
			children = (
				DC03847814F68EA1000DADD6 /* DataKitTests-Info.plist */,
				DC03847914F68EA1000DADD6 /* InfoPlist.strings */,
			);
			name = "Supporting Files";
			sourceTree = "<group>";
		};
		DC5B610814F7B1EF00CC5B42 /* DataKit-Private */ = {
			isa = PBXGroup;
			children = (
				DC52508514FA4F2C00646185 /* DKEntity-Private.h */,
				DC90FF8E14FE4F9200F52435 /* DKQuery-Private.h */,
				DC5B610A14F7B1FE00CC5B42 /* DKRequest.h */,
				DC5B610B14F7B1FE00CC5B42 /* DKRequest.m */,
				DC5B611314F7E6CD00CC5B42 /* NSError+DataKit.h */,
				DC5B611414F7E6CD00CC5B42 /* NSError+DataKit.m */,
				DC52509614FAE1DC00646185 /* NSData+DataKit.h */,
				DC52509714FAE1DC00646185 /* NSData+DataKit.m */,
				DC61AC7A14FCFE3B003A9057 /* NSString+DataKit.h */,
				DC61AC7B14FCFE3B003A9057 /* NSString+DataKit.m */,
			);
			name = "DataKit-Private";
			sourceTree = "<group>";
		};
/* End PBXGroup section */

/* Begin PBXHeadersBuildPhase section */
		DC03845B14F68EA1000DADD6 /* Headers */ = {
			isa = PBXHeadersBuildPhase;
			buildActionMask = 2147483647;
			files = (
				DC03848914F691BA000DADD6 /* DKEntity.h in Headers */,
				DC03848D14F6955A000DADD6 /* DKRelation.h in Headers */,
				DC03849114F69C72000DADD6 /* DKQuery.h in Headers */,
				DC5B610214F76BD800CC5B42 /* DKManager.h in Headers */,
				DC5B610C14F7B1FE00CC5B42 /* DKRequest.h in Headers */,
				DC5B611514F7E6CD00CC5B42 /* NSError+DataKit.h in Headers */,
				DCCC897714F804C600FA77A1 /* DKConstants.h in Headers */,
				DCCC897814F804CA00FA77A1 /* DataKit.h in Headers */,
				DC52508714FA4F2C00646185 /* DKEntity-Private.h in Headers */,
				DC52509814FAE1DC00646185 /* NSData+DataKit.h in Headers */,
				DC61AC7C14FCFE3B003A9057 /* NSString+DataKit.h in Headers */,
				DC90FF9014FE4F9300F52435 /* DKQuery-Private.h in Headers */,
				DC8305201505127B00D6AB1C /* DKEntityTableViewController.h in Headers */,
			);
			runOnlyForDeploymentPostprocessing = 0;
		};
/* End PBXHeadersBuildPhase section */

/* Begin PBXNativeTarget section */
		DC03845C14F68EA1000DADD6 /* DataKit */ = {
			isa = PBXNativeTarget;
			buildConfigurationList = DC03848114F68EA1000DADD6 /* Build configuration list for PBXNativeTarget "DataKit" */;
			buildPhases = (
				DC03845914F68EA1000DADD6 /* Sources */,
				DC03845A14F68EA1000DADD6 /* Frameworks */,
				DC03845B14F68EA1000DADD6 /* Headers */,
			);
			buildRules = (
			);
			dependencies = (
			);
			name = DataKit;
			productName = DataKit;
			productReference = DC03845D14F68EA1000DADD6 /* libDataKit.a */;
			productType = "com.apple.product-type.library.static";
		};
		DC03846C14F68EA1000DADD6 /* DataKitTests */ = {
			isa = PBXNativeTarget;
			buildConfigurationList = DC03848414F68EA1000DADD6 /* Build configuration list for PBXNativeTarget "DataKitTests" */;
			buildPhases = (
				DC03846814F68EA1000DADD6 /* Sources */,
				DC03846914F68EA1000DADD6 /* Frameworks */,
				DC03846A14F68EA1000DADD6 /* Resources */,
				DC03846B14F68EA1000DADD6 /* ShellScript */,
			);
			buildRules = (
			);
			dependencies = (
				DC03847414F68EA1000DADD6 /* PBXTargetDependency */,
			);
			name = DataKitTests;
			productName = DataKitTests;
			productReference = DC03846D14F68EA1000DADD6 /* DataKitTests.octest */;
			productType = "com.apple.product-type.bundle";
		};
/* End PBXNativeTarget section */

/* Begin PBXProject section */
		DC03845414F68EA1000DADD6 /* Project object */ = {
			isa = PBXProject;
			attributes = {
				LastUpgradeCheck = 0430;
				ORGANIZATIONNAME = chocomoko.com;
			};
			buildConfigurationList = DC03845714F68EA1000DADD6 /* Build configuration list for PBXProject "DataKit" */;
			compatibilityVersion = "Xcode 3.2";
			developmentRegion = English;
			hasScannedForEncodings = 0;
			knownRegions = (
				en,
			);
			mainGroup = DC03845214F68EA1000DADD6;
			productRefGroup = DC03845E14F68EA1000DADD6 /* Products */;
			projectDirPath = "";
			projectRoot = "";
			targets = (
				DC03845C14F68EA1000DADD6 /* DataKit */,
				DC03846C14F68EA1000DADD6 /* DataKitTests */,
			);
		};
/* End PBXProject section */

/* Begin PBXResourcesBuildPhase section */
		DC03846A14F68EA1000DADD6 /* Resources */ = {
			isa = PBXResourcesBuildPhase;
			buildActionMask = 2147483647;
			files = (
				DC03847B14F68EA1000DADD6 /* InfoPlist.strings in Resources */,
			);
			runOnlyForDeploymentPostprocessing = 0;
		};
/* End PBXResourcesBuildPhase section */

/* Begin PBXShellScriptBuildPhase section */
		DC03846B14F68EA1000DADD6 /* ShellScript */ = {
			isa = PBXShellScriptBuildPhase;
			buildActionMask = 2147483647;
			files = (
			);
			inputPaths = (
			);
			outputPaths = (
			);
			runOnlyForDeploymentPostprocessing = 0;
			shellPath = /bin/sh;
			shellScript = "# Run the unit tests in this test bundle.\n\"${SYSTEM_DEVELOPER_DIR}/Tools/RunUnitTests\"\n";
		};
/* End PBXShellScriptBuildPhase section */

/* Begin PBXSourcesBuildPhase section */
		DC03845914F68EA1000DADD6 /* Sources */ = {
			isa = PBXSourcesBuildPhase;
			buildActionMask = 2147483647;
			files = (
				DC03848A14F691BA000DADD6 /* DKEntity.m in Sources */,
				DC03848E14F6955A000DADD6 /* DKRelation.m in Sources */,
				DC03849214F69C72000DADD6 /* DKQuery.m in Sources */,
				DC5B610314F76BD800CC5B42 /* DKManager.m in Sources */,
				DC5B610D14F7B1FE00CC5B42 /* DKRequest.m in Sources */,
				DC5B611614F7E6CD00CC5B42 /* NSError+DataKit.m in Sources */,
				DC52509914FAE1DC00646185 /* NSData+DataKit.m in Sources */,
				DC61AC7D14FCFE3B003A9057 /* NSString+DataKit.m in Sources */,
				DC8305211505127B00D6AB1C /* DKEntityTableViewController.m in Sources */,
			);
			runOnlyForDeploymentPostprocessing = 0;
		};
		DC03846814F68EA1000DADD6 /* Sources */ = {
			isa = PBXSourcesBuildPhase;
			buildActionMask = 2147483647;
			files = (
				DC5B611914F7F81200CC5B42 /* DKEntityTests.m in Sources */,
				DC90FF9414FE872700F52435 /* DKQueryTests.m in Sources */,
				DC78ACA51503C3DA00CC6BCD /* DKEntityEncodeDecodeTests.m in Sources */,
				DC83051D1504D89300D6AB1C /* DKRelationTests.m in Sources */,
			);
			runOnlyForDeploymentPostprocessing = 0;
		};
/* End PBXSourcesBuildPhase section */

/* Begin PBXTargetDependency section */
		DC03847414F68EA1000DADD6 /* PBXTargetDependency */ = {
			isa = PBXTargetDependency;
			target = DC03845C14F68EA1000DADD6 /* DataKit */;
			targetProxy = DC03847314F68EA1000DADD6 /* PBXContainerItemProxy */;
		};
/* End PBXTargetDependency section */

/* Begin PBXVariantGroup section */
		DC03847914F68EA1000DADD6 /* InfoPlist.strings */ = {
			isa = PBXVariantGroup;
			children = (
				DC03847A14F68EA1000DADD6 /* en */,
			);
			name = InfoPlist.strings;
			sourceTree = "<group>";
		};
/* End PBXVariantGroup section */

/* Begin XCBuildConfiguration section */
		DC03847F14F68EA1000DADD6 /* Debug */ = {
			isa = XCBuildConfiguration;
			buildSettings = {
				ALWAYS_SEARCH_USER_PATHS = NO;
				ARCHS = "$(ARCHS_STANDARD_32_BIT)";
				CLANG_ENABLE_OBJC_ARC = YES;
				COPY_PHASE_STRIP = NO;
				GCC_C_LANGUAGE_STANDARD = gnu99;
				GCC_DYNAMIC_NO_PIC = NO;
				GCC_OPTIMIZATION_LEVEL = 0;
				GCC_PREPROCESSOR_DEFINITIONS = (
					"DEBUG=1",
					"$(inherited)",
				);
				GCC_SYMBOLS_PRIVATE_EXTERN = NO;
				GCC_VERSION = com.apple.compilers.llvm.clang.1_0;
				GCC_WARN_ABOUT_RETURN_TYPE = YES;
				GCC_WARN_UNINITIALIZED_AUTOS = YES;
				GCC_WARN_UNUSED_VARIABLE = YES;
				IPHONEOS_DEPLOYMENT_TARGET = 5.0;
				SDKROOT = iphoneos;
			};
			name = Debug;
		};
		DC03848014F68EA1000DADD6 /* Release */ = {
			isa = XCBuildConfiguration;
			buildSettings = {
				ALWAYS_SEARCH_USER_PATHS = NO;
				ARCHS = "$(ARCHS_STANDARD_32_BIT)";
				CLANG_ENABLE_OBJC_ARC = YES;
				COPY_PHASE_STRIP = YES;
				GCC_C_LANGUAGE_STANDARD = gnu99;
				GCC_VERSION = com.apple.compilers.llvm.clang.1_0;
				GCC_WARN_ABOUT_RETURN_TYPE = YES;
				GCC_WARN_UNINITIALIZED_AUTOS = YES;
				GCC_WARN_UNUSED_VARIABLE = YES;
				IPHONEOS_DEPLOYMENT_TARGET = 5.0;
				SDKROOT = iphoneos;
				VALIDATE_PRODUCT = YES;
			};
			name = Release;
		};
		DC03848214F68EA1000DADD6 /* Debug */ = {
			isa = XCBuildConfiguration;
			buildSettings = {
				DSTROOT = /tmp/DataKit.dst;
				GCC_PRECOMPILE_PREFIX_HEADER = YES;
				GCC_PREFIX_HEADER = "DataKit/DataKit-Prefix.pch";
				GCC_PREPROCESSOR_DEFINITIONS = CONFIGURATION_$CONFIGURATION;
				OTHER_LDFLAGS = "-ObjC";
				PRODUCT_NAME = "$(TARGET_NAME)";
				SKIP_INSTALL = YES;
			};
			name = Debug;
		};
		DC03848314F68EA1000DADD6 /* Release */ = {
			isa = XCBuildConfiguration;
			buildSettings = {
				DSTROOT = /tmp/DataKit.dst;
				GCC_PRECOMPILE_PREFIX_HEADER = YES;
				GCC_PREFIX_HEADER = "DataKit/DataKit-Prefix.pch";
				GCC_PREPROCESSOR_DEFINITIONS = CONFIGURATION_$CONFIGURATION;
				OTHER_LDFLAGS = "-ObjC";
				PRODUCT_NAME = "$(TARGET_NAME)";
				SKIP_INSTALL = YES;
			};
			name = Release;
		};
		DC03848514F68EA1000DADD6 /* Debug */ = {
			isa = XCBuildConfiguration;
			buildSettings = {
				FRAMEWORK_SEARCH_PATHS = (
					"$(SDKROOT)/Developer/Library/Frameworks",
					"$(DEVELOPER_LIBRARY_DIR)/Frameworks",
				);
				GCC_PRECOMPILE_PREFIX_HEADER = YES;
				GCC_PREFIX_HEADER = "DataKit/DataKit-Prefix.pch";
				INFOPLIST_FILE = "DataKitTests/DataKitTests-Info.plist";
				OTHER_LDFLAGS = (
					"-ObjC",
					"-all_load",
				);
				PRODUCT_NAME = "$(TARGET_NAME)";
				WRAPPER_EXTENSION = octest;
			};
			name = Debug;
		};
		DC03848614F68EA1000DADD6 /* Release */ = {
			isa = XCBuildConfiguration;
			buildSettings = {
				FRAMEWORK_SEARCH_PATHS = (
					"$(SDKROOT)/Developer/Library/Frameworks",
					"$(DEVELOPER_LIBRARY_DIR)/Frameworks",
				);
				GCC_PRECOMPILE_PREFIX_HEADER = YES;
				GCC_PREFIX_HEADER = "DataKit/DataKit-Prefix.pch";
				INFOPLIST_FILE = "DataKitTests/DataKitTests-Info.plist";
				OTHER_LDFLAGS = (
					"-ObjC",
					"-all_load",
				);
				PRODUCT_NAME = "$(TARGET_NAME)";
				WRAPPER_EXTENSION = octest;
			};
			name = Release;
		};
/* End XCBuildConfiguration section */

/* Begin XCConfigurationList section */
		DC03845714F68EA1000DADD6 /* Build configuration list for PBXProject "DataKit" */ = {
			isa = XCConfigurationList;
			buildConfigurations = (
				DC03847F14F68EA1000DADD6 /* Debug */,
				DC03848014F68EA1000DADD6 /* Release */,
			);
			defaultConfigurationIsVisible = 0;
			defaultConfigurationName = Release;
		};
		DC03848114F68EA1000DADD6 /* Build configuration list for PBXNativeTarget "DataKit" */ = {
			isa = XCConfigurationList;
			buildConfigurations = (
				DC03848214F68EA1000DADD6 /* Debug */,
				DC03848314F68EA1000DADD6 /* Release */,
			);
			defaultConfigurationIsVisible = 0;
			defaultConfigurationName = Release;
		};
		DC03848414F68EA1000DADD6 /* Build configuration list for PBXNativeTarget "DataKitTests" */ = {
			isa = XCConfigurationList;
			buildConfigurations = (
				DC03848514F68EA1000DADD6 /* Debug */,
				DC03848614F68EA1000DADD6 /* Release */,
			);
			defaultConfigurationIsVisible = 0;
			defaultConfigurationName = Release;
		};
/* End XCConfigurationList section */
	};
	rootObject = DC03845414F68EA1000DADD6 /* Project object */;
}
